
Microsoft Visual Studio Solution File, Format Version 12.00
# Visual Studio 15
VisualStudioVersion = 15.0.28010.2050
MinimumVisualStudioVersion = 10.0.40219.1
Project("{8BC9CEB8-8B4A-11D0-8D11-00A0C91BC942}") = "SDLplswork", "SDLplswork\SDLplswork.vcxproj", "{BE45FA05-DB44-42EA-88C9-358FEDB2509E}"
EndProject
Global
	GlobalSection(SolutionConfigurationPlatforms) = preSolution
		Debug|x64 = Debug|x64
		Debug|x86 = Debug|x86
		Release|x64 = Release|x64
		Release|x86 = Release|x86
	EndGlobalSection
	GlobalSection(ProjectConfigurationPlatforms) = postSolution
		{BE45FA05-DB44-42EA-88C9-358FEDB2509E}.Debug|x64.ActiveCfg = Debug|x64
		{BE45FA05-DB44-42EA-88C9-358FEDB2509E}.Debug|x64.Build.0 = Debug|x64
		{BE45FA05-DB44-42EA-88C9-358FEDB2509E}.Debug|x86.ActiveCfg = Debug|Win32
		{BE45FA05-DB44-42EA-88C9-358FEDB2509E}.Debug|x86.Build.0 = Debug|Win32
		{BE45FA05-DB44-42EA-88C9-358FEDB2509E}.Release|x64.ActiveCfg = Release|x64
		{BE45FA05-DB44-42EA-88C9-358FEDB2509E}.Release|x64.Build.0 = Release|x64
		{BE45FA05-DB44-42EA-88C9-358FEDB2509E}.Release|x86.ActiveCfg = Release|Win32
		{BE45FA05-DB44-42EA-88C9-358FEDB2509E}.Release|x86.Build.0 = Release|Win32
	EndGlobalSection
	GlobalSection(SolutionProperties) = preSolution
		HideSolutionNode = FALSE
	EndGlobalSection
	GlobalSection(ExtensibilityGlobals) = postSolution
		SolutionGuid = {50E3B005-1DAA-48A7-9FD3-DE83BFC1C244}
	EndGlobalSection
EndGlobal
